
Microsoft Visual Studio Solution File, Format Version 12.00
Project("{FAE04EC0-301F-11D3-BF4B-00C04F79EFBC}") = "WebApp", "src\WebApp\WebApp.csproj", "{46C983C2-59CB-4319-A609-7BAEA1870DDE}"
EndProject
Project("{2150E333-8FDC-42A3-9474-1A3956D46DE8}") = "Adapters", "src\Adapters", "{56E46A69-7223-4667-812F-0085116FECC4}"
EndProject
Project("{FAE04EC0-301F-11D3-BF4B-00C04F79EFBC}") = "Adapters.ListingApiClient", "src\Adapters\Adapters.ListingApiClient\Adapters.ListingApiClient.csproj", "{219CA8E3-380A-4340-8AA0-C46AC37B9DA5}"
EndProject
Project("{FAE04EC0-301F-11D3-BF4B-00C04F79EFBC}") = "Domain", "src\Domain\Domain.csproj", "{28029C05-8DC8-407D-863B-40489E5BFB7F}"
EndProject
Project("{2150E333-8FDC-42A3-9474-1A3956D46DE8}") = "src", "src", "{A9DE55E6-E58B-421E-9F09-28320BCEEC82}"
EndProject
Project("{2150E333-8FDC-42A3-9474-1A3956D46DE8}") = "test", "test", "{0D9CB775-4514-4BCA-ABDE-21B9C1958F24}"
EndProject
Project("{2150E333-8FDC-42A3-9474-1A3956D46DE8}") = "Adapters", "src\Adapters", "{822FEB56-2D33-4C79-B8D5-C1C3B23C9881}"
EndProject
Project("{FAE04EC0-301F-11D3-BF4B-00C04F79EFBC}") = "Adapters.ListingApiClient.Tests.Integration", "test\Adapters\Adapters.ListingApiClient.Tests.Integration\Adapters.ListingApiClient.Tests.Integration.csproj", "{0C5D13D9-D31C-49BC-AC3C-576BAB385307}"
EndProject
Project("{FAE04EC0-301F-11D3-BF4B-00C04F79EFBC}") = "Domain.Tests.Unit", "test\Domain.Tests.Unit\Domain.Tests.Unit.csproj", "{E3050314-AD13-46F8-AAFF-22FCA874BEF9}"
EndProject
Global
	GlobalSection(SolutionConfigurationPlatforms) = preSolution
		Debug|Any CPU = Debug|Any CPU
		Release|Any CPU = Release|Any CPU
	EndGlobalSection
	GlobalSection(ProjectConfigurationPlatforms) = postSolution
		{46C983C2-59CB-4319-A609-7BAEA1870DDE}.Debug|Any CPU.ActiveCfg = Debug|Any CPU
		{46C983C2-59CB-4319-A609-7BAEA1870DDE}.Debug|Any CPU.Build.0 = Debug|Any CPU
		{46C983C2-59CB-4319-A609-7BAEA1870DDE}.Release|Any CPU.ActiveCfg = Release|Any CPU
		{46C983C2-59CB-4319-A609-7BAEA1870DDE}.Release|Any CPU.Build.0 = Release|Any CPU
		{219CA8E3-380A-4340-8AA0-C46AC37B9DA5}.Debug|Any CPU.ActiveCfg = Debug|Any CPU
		{219CA8E3-380A-4340-8AA0-C46AC37B9DA5}.Debug|Any CPU.Build.0 = Debug|Any CPU
		{219CA8E3-380A-4340-8AA0-C46AC37B9DA5}.Release|Any CPU.ActiveCfg = Release|Any CPU
		{219CA8E3-380A-4340-8AA0-C46AC37B9DA5}.Release|Any CPU.Build.0 = Release|Any CPU
		{28029C05-8DC8-407D-863B-40489E5BFB7F}.Debug|Any CPU.ActiveCfg = Debug|Any CPU
		{28029C05-8DC8-407D-863B-40489E5BFB7F}.Debug|Any CPU.Build.0 = Debug|Any CPU
		{28029C05-8DC8-407D-863B-40489E5BFB7F}.Release|Any CPU.ActiveCfg = Release|Any CPU
		{28029C05-8DC8-407D-863B-40489E5BFB7F}.Release|Any CPU.Build.0 = Release|Any CPU
		{0C5D13D9-D31C-49BC-AC3C-576BAB385307}.Debug|Any CPU.ActiveCfg = Debug|Any CPU
		{0C5D13D9-D31C-49BC-AC3C-576BAB385307}.Debug|Any CPU.Build.0 = Debug|Any CPU
		{0C5D13D9-D31C-49BC-AC3C-576BAB385307}.Release|Any CPU.ActiveCfg = Release|Any CPU
		{0C5D13D9-D31C-49BC-AC3C-576BAB385307}.Release|Any CPU.Build.0 = Release|Any CPU
		{E3050314-AD13-46F8-AAFF-22FCA874BEF9}.Debug|Any CPU.ActiveCfg = Debug|Any CPU
		{E3050314-AD13-46F8-AAFF-22FCA874BEF9}.Debug|Any CPU.Build.0 = Debug|Any CPU
		{E3050314-AD13-46F8-AAFF-22FCA874BEF9}.Release|Any CPU.ActiveCfg = Release|Any CPU
		{E3050314-AD13-46F8-AAFF-22FCA874BEF9}.Release|Any CPU.Build.0 = Release|Any CPU
	EndGlobalSection
	GlobalSection(NestedProjects) = preSolution
		{219CA8E3-380A-4340-8AA0-C46AC37B9DA5} = {56E46A69-7223-4667-812F-0085116FECC4}
		{28029C05-8DC8-407D-863B-40489E5BFB7F} = {A9DE55E6-E58B-421E-9F09-28320BCEEC82}
		{46C983C2-59CB-4319-A609-7BAEA1870DDE} = {A9DE55E6-E58B-421E-9F09-28320BCEEC82}
		{56E46A69-7223-4667-812F-0085116FECC4} = {A9DE55E6-E58B-421E-9F09-28320BCEEC82}
		{822FEB56-2D33-4C79-B8D5-C1C3B23C9881} = {0D9CB775-4514-4BCA-ABDE-21B9C1958F24}
		{0C5D13D9-D31C-49BC-AC3C-576BAB385307} = {822FEB56-2D33-4C79-B8D5-C1C3B23C9881}
		{E3050314-AD13-46F8-AAFF-22FCA874BEF9} = {0D9CB775-4514-4BCA-ABDE-21B9C1958F24}
	EndGlobalSection
EndGlobal
